
Microsoft Visual Studio Solution File, Format Version 12.00
# Visual Studio Version 17
VisualStudioVersion = 17.1.32421.90
MinimumVisualStudioVersion = 10.0.40219.1
Project("{FAE04EC0-301F-11D3-BF4B-00C04F79EFBC}") = "CoffeeMaker", "CoffeeMaker.csproj", "{6D351C8A-C944-43E7-9393-B0FDB1C2226B}"
EndProject
Project("{FAE04EC0-301F-11D3-BF4B-00C04F79EFBC}") = "StarBucksTest", "..\StarBucksTest\StarBucksTest.csproj", "{FED4692E-00D2-41A4-A06C-411BBA1E38CF}"
EndProject
Global
	GlobalSection(SolutionConfigurationPlatforms) = preSolution
		Debug|Any CPU = Debug|Any CPU
		Release|Any CPU = Release|Any CPU
	EndGlobalSection
	GlobalSection(ProjectConfigurationPlatforms) = postSolution
		{6D351C8A-C944-43E7-9393-B0FDB1C2226B}.Debug|Any CPU.ActiveCfg = Debug|Any CPU
		{6D351C8A-C944-43E7-9393-B0FDB1C2226B}.Debug|Any CPU.Build.0 = Debug|Any CPU
		{6D351C8A-C944-43E7-9393-B0FDB1C2226B}.Release|Any CPU.ActiveCfg = Release|Any CPU
		{6D351C8A-C944-43E7-9393-B0FDB1C2226B}.Release|Any CPU.Build.0 = Release|Any CPU
		{FED4692E-00D2-41A4-A06C-411BBA1E38CF}.Debug|Any CPU.ActiveCfg = Debug|Any CPU
		{FED4692E-00D2-41A4-A06C-411BBA1E38CF}.Debug|Any CPU.Build.0 = Debug|Any CPU
		{FED4692E-00D2-41A4-A06C-411BBA1E38CF}.Release|Any CPU.ActiveCfg = Release|Any CPU
		{FED4692E-00D2-41A4-A06C-411BBA1E38CF}.Release|Any CPU.Build.0 = Release|Any CPU
	EndGlobalSection
	GlobalSection(SolutionProperties) = preSolution
		HideSolutionNode = FALSE
	EndGlobalSection
	GlobalSection(ExtensibilityGlobals) = postSolution
		SolutionGuid = {3C70E60C-D6FA-4843-95AA-8FA8785C9DC4}
	EndGlobalSection
EndGlobal
